
Microsoft Visual Studio Solution File, Format Version 12.00
# Visual Studio Version 16
VisualStudioVersion = 16.0.30406.217
MinimumVisualStudioVersion = 10.0.40219.1
Project("{FAE04EC0-301F-11D3-BF4B-00C04F79EFBC}") = "WpfApp4", "WpfApp4.csproj", "{4C42351A-79E0-4423-A6B8-0A98CFA47383}"
EndProject
Global
	GlobalSection(SolutionConfigurationPlatforms) = preSolution
		Debug|Any CPU = Debug|Any CPU
		Release|Any CPU = Release|Any CPU
	EndGlobalSection
	GlobalSection(ProjectConfigurationPlatforms) = postSolution
		{4C42351A-79E0-4423-A6B8-0A98CFA47383}.Debug|Any CPU.ActiveCfg = Debug|Any CPU
		{4C42351A-79E0-4423-A6B8-0A98CFA47383}.Debug|Any CPU.Build.0 = Debug|Any CPU
		{4C42351A-79E0-4423-A6B8-0A98CFA47383}.Release|Any CPU.ActiveCfg = Release|Any CPU
		{4C42351A-79E0-4423-A6B8-0A98CFA47383}.Release|Any CPU.Build.0 = Release|Any CPU
	EndGlobalSection
	GlobalSection(SolutionProperties) = preSolution
		HideSolutionNode = FALSE
	EndGlobalSection
	GlobalSection(ExtensibilityGlobals) = postSolution
		SolutionGuid = {526D6969-7872-47FC-890C-4348481AEA04}
	EndGlobalSection
EndGlobal
